// !$*UTF8*$!
{
	archiveVersion = 1;
	classes = {
	};
	objectVersion = 56;
	objects = {

/* Begin PBXBuildFile section */
		DB901F3429C0E151009531BF /* UserModel.xcdatamodeld in Sources */ = {isa = PBXBuildFile; fileRef = DB901F3229C0E151009531BF /* UserModel.xcdatamodeld */; };
		DB901F3829C2353A009531BF /* ProfileViewModel.swift in Sources */ = {isa = PBXBuildFile; fileRef = DB901F3729C2353A009531BF /* ProfileViewModel.swift */; };
		DB901F3A29C23887009531BF /* MediaFile.swift in Sources */ = {isa = PBXBuildFile; fileRef = DB901F3929C23887009531BF /* MediaFile.swift */; };
		DB901F3C29C2486A009531BF /* EmailEnum.swift in Sources */ = {isa = PBXBuildFile; fileRef = DB901F3B29C2486A009531BF /* EmailEnum.swift */; };
		DBDCFF9929C5E62100DF8F39 /* SearchModel.swift in Sources */ = {isa = PBXBuildFile; fileRef = DBDCFF9829C5E62000DF8F39 /* SearchModel.swift */; };
		DBE0B0F429BB9C3100A092E8 /* TestAppShopAuthApp.swift in Sources */ = {isa = PBXBuildFile; fileRef = DBE0B0F329BB9C3100A092E8 /* TestAppShopAuthApp.swift */; };
		DBE0B0F629BB9C3100A092E8 /* AuthView.swift in Sources */ = {isa = PBXBuildFile; fileRef = DBE0B0F529BB9C3100A092E8 /* AuthView.swift */; };
		DBE0B0F829BB9C3700A092E8 /* Assets.xcassets in Resources */ = {isa = PBXBuildFile; fileRef = DBE0B0F729BB9C3700A092E8 /* Assets.xcassets */; };
		DBE0B0FB29BB9C3700A092E8 /* Preview Assets.xcassets in Resources */ = {isa = PBXBuildFile; fileRef = DBE0B0FA29BB9C3700A092E8 /* Preview Assets.xcassets */; };
		DBE0B10229BB9C9600A092E8 /* AuthViewController.swift in Sources */ = {isa = PBXBuildFile; fileRef = DBE0B10129BB9C9600A092E8 /* AuthViewController.swift */; };
		DBE0B10529BC632900A092E8 /* TabBarView.swift in Sources */ = {isa = PBXBuildFile; fileRef = DBE0B10429BC632900A092E8 /* TabBarView.swift */; };
		DBE0B10729BC640F00A092E8 /* FirstPage.swift in Sources */ = {isa = PBXBuildFile; fileRef = DBE0B10629BC640F00A092E8 /* FirstPage.swift */; };
		DBE0B10929BC642300A092E8 /* LikeView.swift in Sources */ = {isa = PBXBuildFile; fileRef = DBE0B10829BC642300A092E8 /* LikeView.swift */; };
		DBE0B10B29BC65FD00A092E8 /* CartView.swift in Sources */ = {isa = PBXBuildFile; fileRef = DBE0B10A29BC65FD00A092E8 /* CartView.swift */; };
		DBE0B10D29BC662C00A092E8 /* MessagerView.swift in Sources */ = {isa = PBXBuildFile; fileRef = DBE0B10C29BC662C00A092E8 /* MessagerView.swift */; };
		DBE0B10F29BC664700A092E8 /* ProfileView.swift in Sources */ = {isa = PBXBuildFile; fileRef = DBE0B10E29BC664700A092E8 /* ProfileView.swift */; };
		DBE0B11329BC687A00A092E8 /* LatestModel.swift in Sources */ = {isa = PBXBuildFile; fileRef = DBE0B11229BC687A00A092E8 /* LatestModel.swift */; };
		DBE0B11529BC691F00A092E8 /* SaleModel.swift in Sources */ = {isa = PBXBuildFile; fileRef = DBE0B11429BC691F00A092E8 /* SaleModel.swift */; };
		DBE0B11A29BC71C300A092E8 /* NetworkService.swift in Sources */ = {isa = PBXBuildFile; fileRef = DBE0B11929BC71C300A092E8 /* NetworkService.swift */; };
		DBE0B11C29BC71F400A092E8 /* MainPageViewModel.swift in Sources */ = {isa = PBXBuildFile; fileRef = DBE0B11B29BC71F400A092E8 /* MainPageViewModel.swift */; };
		DBE0B11F29BC91CC00A092E8 /* CathegoriesCells.swift in Sources */ = {isa = PBXBuildFile; fileRef = DBE0B11E29BC91CC00A092E8 /* CathegoriesCells.swift */; };
		DBE0B12129BCA7A900A092E8 /* LatesCell.swift in Sources */ = {isa = PBXBuildFile; fileRef = DBE0B12029BCA7A900A092E8 /* LatesCell.swift */; };
		DBE0B12329BCB57E00A092E8 /* SaleCell.swift in Sources */ = {isa = PBXBuildFile; fileRef = DBE0B12229BCB57E00A092E8 /* SaleCell.swift */; };
/* End PBXBuildFile section */

/* Begin PBXFileReference section */
		DB901F3329C0E151009531BF /* UserModel.xcdatamodel */ = {isa = PBXFileReference; lastKnownFileType = wrapper.xcdatamodel; path = UserModel.xcdatamodel; sourceTree = "<group>"; };
		DB901F3729C2353A009531BF /* ProfileViewModel.swift */ = {isa = PBXFileReference; lastKnownFileType = sourcecode.swift; path = ProfileViewModel.swift; sourceTree = "<group>"; };
		DB901F3929C23887009531BF /* MediaFile.swift */ = {isa = PBXFileReference; lastKnownFileType = sourcecode.swift; path = MediaFile.swift; sourceTree = "<group>"; };
		DB901F3B29C2486A009531BF /* EmailEnum.swift */ = {isa = PBXFileReference; lastKnownFileType = sourcecode.swift; path = EmailEnum.swift; sourceTree = "<group>"; };
		DBDCFF9829C5E62000DF8F39 /* SearchModel.swift */ = {isa = PBXFileReference; lastKnownFileType = sourcecode.swift; path = SearchModel.swift; sourceTree = "<group>"; };
		DBE0B0F029BB9C3100A092E8 /* TestAppShopAuth.app */ = {isa = PBXFileReference; explicitFileType = wrapper.application; includeInIndex = 0; path = TestAppShopAuth.app; sourceTree = BUILT_PRODUCTS_DIR; };
		DBE0B0F329BB9C3100A092E8 /* TestAppShopAuthApp.swift */ = {isa = PBXFileReference; lastKnownFileType = sourcecode.swift; path = TestAppShopAuthApp.swift; sourceTree = "<group>"; };
		DBE0B0F529BB9C3100A092E8 /* AuthView.swift */ = {isa = PBXFileReference; lastKnownFileType = sourcecode.swift; path = AuthView.swift; sourceTree = "<group>"; };
		DBE0B0F729BB9C3700A092E8 /* Assets.xcassets */ = {isa = PBXFileReference; lastKnownFileType = folder.assetcatalog; path = Assets.xcassets; sourceTree = "<group>"; };
		DBE0B0FA29BB9C3700A092E8 /* Preview Assets.xcassets */ = {isa = PBXFileReference; lastKnownFileType = folder.assetcatalog; path = "Preview Assets.xcassets"; sourceTree = "<group>"; };
		DBE0B10129BB9C9600A092E8 /* AuthViewController.swift */ = {isa = PBXFileReference; lastKnownFileType = sourcecode.swift; path = AuthViewController.swift; sourceTree = "<group>"; };
		DBE0B10429BC632900A092E8 /* TabBarView.swift */ = {isa = PBXFileReference; lastKnownFileType = sourcecode.swift; path = TabBarView.swift; sourceTree = "<group>"; };
		DBE0B10629BC640F00A092E8 /* FirstPage.swift */ = {isa = PBXFileReference; lastKnownFileType = sourcecode.swift; path = FirstPage.swift; sourceTree = "<group>"; };
		DBE0B10829BC642300A092E8 /* LikeView.swift */ = {isa = PBXFileReference; lastKnownFileType = sourcecode.swift; path = LikeView.swift; sourceTree = "<group>"; };
		DBE0B10A29BC65FD00A092E8 /* CartView.swift */ = {isa = PBXFileReference; lastKnownFileType = sourcecode.swift; path = CartView.swift; sourceTree = "<group>"; };
		DBE0B10C29BC662C00A092E8 /* MessagerView.swift */ = {isa = PBXFileReference; lastKnownFileType = sourcecode.swift; path = MessagerView.swift; sourceTree = "<group>"; };
		DBE0B10E29BC664700A092E8 /* ProfileView.swift */ = {isa = PBXFileReference; lastKnownFileType = sourcecode.swift; path = ProfileView.swift; sourceTree = "<group>"; };
		DBE0B11229BC687A00A092E8 /* LatestModel.swift */ = {isa = PBXFileReference; lastKnownFileType = sourcecode.swift; path = LatestModel.swift; sourceTree = "<group>"; };
		DBE0B11429BC691F00A092E8 /* SaleModel.swift */ = {isa = PBXFileReference; lastKnownFileType = sourcecode.swift; path = SaleModel.swift; sourceTree = "<group>"; };
		DBE0B11929BC71C300A092E8 /* NetworkService.swift */ = {isa = PBXFileReference; lastKnownFileType = sourcecode.swift; path = NetworkService.swift; sourceTree = "<group>"; };
		DBE0B11B29BC71F400A092E8 /* MainPageViewModel.swift */ = {isa = PBXFileReference; lastKnownFileType = sourcecode.swift; path = MainPageViewModel.swift; sourceTree = "<group>"; };
		DBE0B11E29BC91CC00A092E8 /* CathegoriesCells.swift */ = {isa = PBXFileReference; lastKnownFileType = sourcecode.swift; path = CathegoriesCells.swift; sourceTree = "<group>"; };
		DBE0B12029BCA7A900A092E8 /* LatesCell.swift */ = {isa = PBXFileReference; lastKnownFileType = sourcecode.swift; path = LatesCell.swift; sourceTree = "<group>"; };
		DBE0B12229BCB57E00A092E8 /* SaleCell.swift */ = {isa = PBXFileReference; lastKnownFileType = sourcecode.swift; path = SaleCell.swift; sourceTree = "<group>"; };
/* End PBXFileReference section */

/* Begin PBXFrameworksBuildPhase section */
		DBE0B0ED29BB9C3100A092E8 /* Frameworks */ = {
			isa = PBXFrameworksBuildPhase;
			buildActionMask = 2147483647;
			files = (
			);
			runOnlyForDeploymentPostprocessing = 0;
		};
/* End PBXFrameworksBuildPhase section */

/* Begin PBXGroup section */
		DB901F3D29C2674F009531BF /* Enums */ = {
			isa = PBXGroup;
			children = (
				DB901F3B29C2486A009531BF /* EmailEnum.swift */,
			);
			path = Enums;
			sourceTree = "<group>";
		};
		DBE0B0E729BB9C3100A092E8 = {
			isa = PBXGroup;
			children = (
				DBE0B0F229BB9C3100A092E8 /* TestAppShopAuth */,
				DBE0B0F129BB9C3100A092E8 /* Products */,
			);
			sourceTree = "<group>";
		};
		DBE0B0F129BB9C3100A092E8 /* Products */ = {
			isa = PBXGroup;
			children = (
				DBE0B0F029BB9C3100A092E8 /* TestAppShopAuth.app */,
			);
			name = Products;
			sourceTree = "<group>";
		};
		DBE0B0F229BB9C3100A092E8 /* TestAppShopAuth */ = {
			isa = PBXGroup;
			children = (
				DBE0B0F329BB9C3100A092E8 /* TestAppShopAuthApp.swift */,
				DBE0B11129BC686500A092E8 /* Model */,
				DBE0B10329BC631300A092E8 /* View */,
				DBE0B11029BC67AB00A092E8 /* ViewController */,
				DBE0B11829BC71A500A092E8 /* NetworkSerce */,
				DB901F3D29C2674F009531BF /* Enums */,
				DBE0B0F729BB9C3700A092E8 /* Assets.xcassets */,
				DBE0B0F929BB9C3700A092E8 /* Preview Content */,
			);
			path = TestAppShopAuth;
			sourceTree = "<group>";
		};
		DBE0B0F929BB9C3700A092E8 /* Preview Content */ = {
			isa = PBXGroup;
			children = (
				DBE0B0FA29BB9C3700A092E8 /* Preview Assets.xcassets */,
			);
			path = "Preview Content";
			sourceTree = "<group>";
		};
		DBE0B10329BC631300A092E8 /* View */ = {
			isa = PBXGroup;
			children = (
				DBE0B0F529BB9C3100A092E8 /* AuthView.swift */,
				DBE0B10429BC632900A092E8 /* TabBarView.swift */,
				DBE0B10629BC640F00A092E8 /* FirstPage.swift */,
				DBE0B10829BC642300A092E8 /* LikeView.swift */,
				DBE0B10A29BC65FD00A092E8 /* CartView.swift */,
				DBE0B10C29BC662C00A092E8 /* MessagerView.swift */,
				DBE0B10E29BC664700A092E8 /* ProfileView.swift */,
				DBE0B11D29BC91A200A092E8 /* Elements */,
			);
			path = View;
			sourceTree = "<group>";
		};
		DBE0B11029BC67AB00A092E8 /* ViewController */ = {
			isa = PBXGroup;
			children = (
				DBE0B10129BB9C9600A092E8 /* AuthViewController.swift */,
				DBE0B11B29BC71F400A092E8 /* MainPageViewModel.swift */,
				DB901F3729C2353A009531BF /* ProfileViewModel.swift */,
			);
			path = ViewController;
			sourceTree = "<group>";
		};
		DBE0B11129BC686500A092E8 /* Model */ = {
			isa = PBXGroup;
			children = (
				DBE0B11229BC687A00A092E8 /* LatestModel.swift */,
				DBE0B11429BC691F00A092E8 /* SaleModel.swift */,
				DB901F3229C0E151009531BF /* UserModel.xcdatamodeld */,
				DB901F3929C23887009531BF /* MediaFile.swift */,
				DBDCFF9829C5E62000DF8F39 /* SearchModel.swift */,
			);
			path = Model;
			sourceTree = "<group>";
		};
		DBE0B11829BC71A500A092E8 /* NetworkSerce */ = {
			isa = PBXGroup;
			children = (
				DBE0B11929BC71C300A092E8 /* NetworkService.swift */,
			);
			path = NetworkSerce;
			sourceTree = "<group>";
		};
		DBE0B11D29BC91A200A092E8 /* Elements */ = {
			isa = PBXGroup;
			children = (
				DBE0B11E29BC91CC00A092E8 /* CathegoriesCells.swift */,
				DBE0B12029BCA7A900A092E8 /* LatesCell.swift */,
				DBE0B12229BCB57E00A092E8 /* SaleCell.swift */,
			);
			path = Elements;
			sourceTree = "<group>";
		};
/* End PBXGroup section */

/* Begin PBXNativeTarget section */
		DBE0B0EF29BB9C3100A092E8 /* TestAppShopAuth */ = {
			isa = PBXNativeTarget;
			buildConfigurationList = DBE0B0FE29BB9C3700A092E8 /* Build configuration list for PBXNativeTarget "TestAppShopAuth" */;
			buildPhases = (
				DBE0B0EC29BB9C3100A092E8 /* Sources */,
				DBE0B0ED29BB9C3100A092E8 /* Frameworks */,
				DBE0B0EE29BB9C3100A092E8 /* Resources */,
			);
			buildRules = (
			);
			dependencies = (
			);
			name = TestAppShopAuth;
			productName = TestAppShopAuth;
			productReference = DBE0B0F029BB9C3100A092E8 /* TestAppShopAuth.app */;
			productType = "com.apple.product-type.application";
		};
/* End PBXNativeTarget section */

/* Begin PBXProject section */
		DBE0B0E829BB9C3100A092E8 /* Project object */ = {
			isa = PBXProject;
			attributes = {
				BuildIndependentTargetsInParallel = 1;
				LastSwiftUpdateCheck = 1410;
				LastUpgradeCheck = 1410;
				TargetAttributes = {
					DBE0B0EF29BB9C3100A092E8 = {
						CreatedOnToolsVersion = 14.1;
					};
				};
			};
			buildConfigurationList = DBE0B0EB29BB9C3100A092E8 /* Build configuration list for PBXProject "TestAppShopAuth" */;
			compatibilityVersion = "Xcode 14.0";
			developmentRegion = en;
			hasScannedForEncodings = 0;
			knownRegions = (
				en,
				Base,
			);
			mainGroup = DBE0B0E729BB9C3100A092E8;
			productRefGroup = DBE0B0F129BB9C3100A092E8 /* Products */;
			projectDirPath = "";
			projectRoot = "";
			targets = (
				DBE0B0EF29BB9C3100A092E8 /* TestAppShopAuth */,
			);
		};
/* End PBXProject section */

/* Begin PBXResourcesBuildPhase section */
		DBE0B0EE29BB9C3100A092E8 /* Resources */ = {
			isa = PBXResourcesBuildPhase;
			buildActionMask = 2147483647;
			files = (
				DBE0B0FB29BB9C3700A092E8 /* Preview Assets.xcassets in Resources */,
				DBE0B0F829BB9C3700A092E8 /* Assets.xcassets in Resources */,
			);
			runOnlyForDeploymentPostprocessing = 0;
		};
/* End PBXResourcesBuildPhase section */

/* Begin PBXSourcesBuildPhase section */
		DBE0B0EC29BB9C3100A092E8 /* Sources */ = {
			isa = PBXSourcesBuildPhase;
			buildActionMask = 2147483647;
			files = (
				DBE0B11329BC687A00A092E8 /* LatestModel.swift in Sources */,
				DBE0B0F629BB9C3100A092E8 /* AuthView.swift in Sources */,
				DBE0B12329BCB57E00A092E8 /* SaleCell.swift in Sources */,
				DBE0B10F29BC664700A092E8 /* ProfileView.swift in Sources */,
				DBE0B12129BCA7A900A092E8 /* LatesCell.swift in Sources */,
				DBE0B10B29BC65FD00A092E8 /* CartView.swift in Sources */,
				DBE0B11F29BC91CC00A092E8 /* CathegoriesCells.swift in Sources */,
				DBE0B10729BC640F00A092E8 /* FirstPage.swift in Sources */,
				DBE0B10929BC642300A092E8 /* LikeView.swift in Sources */,
				DBE0B10229BB9C9600A092E8 /* AuthViewController.swift in Sources */,
				DBE0B11C29BC71F400A092E8 /* MainPageViewModel.swift in Sources */,
				DB901F3A29C23887009531BF /* MediaFile.swift in Sources */,
				DBE0B11529BC691F00A092E8 /* SaleModel.swift in Sources */,
				DB901F3829C2353A009531BF /* ProfileViewModel.swift in Sources */,
				DBE0B10529BC632900A092E8 /* TabBarView.swift in Sources */,
				DBE0B0F429BB9C3100A092E8 /* TestAppShopAuthApp.swift in Sources */,
				DBE0B11A29BC71C300A092E8 /* NetworkService.swift in Sources */,
				DB901F3429C0E151009531BF /* UserModel.xcdatamodeld in Sources */,
				DBDCFF9929C5E62100DF8F39 /* SearchModel.swift in Sources */,
				DBE0B10D29BC662C00A092E8 /* MessagerView.swift in Sources */,
				DB901F3C29C2486A009531BF /* EmailEnum.swift in Sources */,
			);
			runOnlyForDeploymentPostprocessing = 0;
		};
/* End PBXSourcesBuildPhase section */

/* Begin XCBuildConfiguration section */
		DBE0B0FC29BB9C3700A092E8 /* Debug */ = {
			isa = XCBuildConfiguration;
			buildSettings = {
				ALWAYS_SEARCH_USER_PATHS = NO;
				CLANG_ANALYZER_NONNULL = YES;
				CLANG_ANALYZER_NUMBER_OBJECT_CONVERSION = YES_AGGRESSIVE;
				CLANG_CXX_LANGUAGE_STANDARD = "gnu++20";
				CLANG_ENABLE_MODULES = YES;
				CLANG_ENABLE_OBJC_ARC = YES;
				CLANG_ENABLE_OBJC_WEAK = YES;
				CLANG_WARN_BLOCK_CAPTURE_AUTORELEASING = YES;
				CLANG_WARN_BOOL_CONVERSION = YES;
				CLANG_WARN_COMMA = YES;
				CLANG_WARN_CONSTANT_CONVERSION = YES;
				CLANG_WARN_DEPRECATED_OBJC_IMPLEMENTATIONS = YES;
				CLANG_WARN_DIRECT_OBJC_ISA_USAGE = YES_ERROR;
				CLANG_WARN_DOCUMENTATION_COMMENTS = YES;
				CLANG_WARN_EMPTY_BODY = YES;
				CLANG_WARN_ENUM_CONVERSION = YES;
				CLANG_WARN_INFINITE_RECURSION = YES;
				CLANG_WARN_INT_CONVERSION = YES;
				CLANG_WARN_NON_LITERAL_NULL_CONVERSION = YES;
				CLANG_WARN_OBJC_IMPLICIT_RETAIN_SELF = YES;
				CLANG_WARN_OBJC_LITERAL_CONVERSION = YES;
				CLANG_WARN_OBJC_ROOT_CLASS = YES_ERROR;
				CLANG_WARN_QUOTED_INCLUDE_IN_FRAMEWORK_HEADER = YES;
				CLANG_WARN_RANGE_LOOP_ANALYSIS = YES;
				CLANG_WARN_STRICT_PROTOTYPES = YES;
				CLANG_WARN_SUSPICIOUS_MOVE = YES;
				CLANG_WARN_UNGUARDED_AVAILABILITY = YES_AGGRESSIVE;
				CLANG_WARN_UNREACHABLE_CODE = YES;
				CLANG_WARN__DUPLICATE_METHOD_MATCH = YES;
				COPY_PHASE_STRIP = NO;
				DEBUG_INFORMATION_FORMAT = dwarf;
				ENABLE_STRICT_OBJC_MSGSEND = YES;
				ENABLE_TESTABILITY = YES;
				GCC_C_LANGUAGE_STANDARD = gnu11;
				GCC_DYNAMIC_NO_PIC = NO;
				GCC_NO_COMMON_BLOCKS = YES;
				GCC_OPTIMIZATION_LEVEL = 0;
				GCC_PREPROCESSOR_DEFINITIONS = (
					"DEBUG=1",
					"$(inherited)",
				);
				GCC_WARN_64_TO_32_BIT_CONVERSION = YES;
				GCC_WARN_ABOUT_RETURN_TYPE = YES_ERROR;
				GCC_WARN_UNDECLARED_SELECTOR = YES;
				GCC_WARN_UNINITIALIZED_AUTOS = YES_AGGRESSIVE;
				GCC_WARN_UNUSED_FUNCTION = YES;
				GCC_WARN_UNUSED_VARIABLE = YES;
				IPHONEOS_DEPLOYMENT_TARGET = 16.1;
				MTL_ENABLE_DEBUG_INFO = INCLUDE_SOURCE;
				MTL_FAST_MATH = YES;
				ONLY_ACTIVE_ARCH = YES;
				SDKROOT = iphoneos;
				SWIFT_ACTIVE_COMPILATION_CONDITIONS = DEBUG;
				SWIFT_OPTIMIZATION_LEVEL = "-Onone";
			};
			name = Debug;
		};
		DBE0B0FD29BB9C3700A092E8 /* Release */ = {
			isa = XCBuildConfiguration;
			buildSettings = {
				ALWAYS_SEARCH_USER_PATHS = NO;
				CLANG_ANALYZER_NONNULL = YES;
				CLANG_ANALYZER_NUMBER_OBJECT_CONVERSION = YES_AGGRESSIVE;
				CLANG_CXX_LANGUAGE_STANDARD = "gnu++20";
				CLANG_ENABLE_MODULES = YES;
				CLANG_ENABLE_OBJC_ARC = YES;
				CLANG_ENABLE_OBJC_WEAK = YES;
				CLANG_WARN_BLOCK_CAPTURE_AUTORELEASING = YES;
				CLANG_WARN_BOOL_CONVERSION = YES;
				CLANG_WARN_COMMA = YES;
				CLANG_WARN_CONSTANT_CONVERSION = YES;
				CLANG_WARN_DEPRECATED_OBJC_IMPLEMENTATIONS = YES;
				CLANG_WARN_DIRECT_OBJC_ISA_USAGE = YES_ERROR;
				CLANG_WARN_DOCUMENTATION_COMMENTS = YES;
				CLANG_WARN_EMPTY_BODY = YES;
				CLANG_WARN_ENUM_CONVERSION = YES;
				CLANG_WARN_INFINITE_RECURSION = YES;
				CLANG_WARN_INT_CONVERSION = YES;
				CLANG_WARN_NON_LITERAL_NULL_CONVERSION = YES;
				CLANG_WARN_OBJC_IMPLICIT_RETAIN_SELF = YES;
				CLANG_WARN_OBJC_LITERAL_CONVERSION = YES;
				CLANG_WARN_OBJC_ROOT_CLASS = YES_ERROR;
				CLANG_WARN_QUOTED_INCLUDE_IN_FRAMEWORK_HEADER = YES;
				CLANG_WARN_RANGE_LOOP_ANALYSIS = YES;
				CLANG_WARN_STRICT_PROTOTYPES = YES;
				CLANG_WARN_SUSPICIOUS_MOVE = YES;
				CLANG_WARN_UNGUARDED_AVAILABILITY = YES_AGGRESSIVE;
				CLANG_WARN_UNREACHABLE_CODE = YES;
				CLANG_WARN__DUPLICATE_METHOD_MATCH = YES;
				COPY_PHASE_STRIP = NO;
				DEBUG_INFORMATION_FORMAT = "dwarf-with-dsym";
				ENABLE_NS_ASSERTIONS = NO;
				ENABLE_STRICT_OBJC_MSGSEND = YES;
				GCC_C_LANGUAGE_STANDARD = gnu11;
				GCC_NO_COMMON_BLOCKS = YES;
				GCC_WARN_64_TO_32_BIT_CONVERSION = YES;
				GCC_WARN_ABOUT_RETURN_TYPE = YES_ERROR;
				GCC_WARN_UNDECLARED_SELECTOR = YES;
				GCC_WARN_UNINITIALIZED_AUTOS = YES_AGGRESSIVE;
				GCC_WARN_UNUSED_FUNCTION = YES;
				GCC_WARN_UNUSED_VARIABLE = YES;
				IPHONEOS_DEPLOYMENT_TARGET = 16.1;
				MTL_ENABLE_DEBUG_INFO = NO;
				MTL_FAST_MATH = YES;
				SDKROOT = iphoneos;
				SWIFT_COMPILATION_MODE = wholemodule;
				SWIFT_OPTIMIZATION_LEVEL = "-O";
				VALIDATE_PRODUCT = YES;
			};
			name = Release;
		};
		DBE0B0FF29BB9C3700A092E8 /* Debug */ = {
			isa = XCBuildConfiguration;
			buildSettings = {
				ASSETCATALOG_COMPILER_APPICON_NAME = AppIcon;
				ASSETCATALOG_COMPILER_GLOBAL_ACCENT_COLOR_NAME = AccentColor;
				CODE_SIGN_STYLE = Automatic;
				CURRENT_PROJECT_VERSION = 1;
				DEVELOPMENT_ASSET_PATHS = "\"TestAppShopAuth/Preview Content\"";
				DEVELOPMENT_TEAM = P5N9X7L868;
				ENABLE_PREVIEWS = YES;
				GENERATE_INFOPLIST_FILE = YES;
				INFOPLIST_KEY_UIApplicationSceneManifest_Generation = YES;
				INFOPLIST_KEY_UIApplicationSupportsIndirectInputEvents = YES;
				INFOPLIST_KEY_UILaunchScreen_Generation = YES;
				INFOPLIST_KEY_UISupportedInterfaceOrientations_iPad = "UIInterfaceOrientationPortrait UIInterfaceOrientationPortraitUpsideDown UIInterfaceOrientationLandscapeLeft UIInterfaceOrientationLandscapeRight";
				INFOPLIST_KEY_UISupportedInterfaceOrientations_iPhone = "UIInterfaceOrientationPortrait UIInterfaceOrientationLandscapeLeft UIInterfaceOrientationLandscapeRight";
				LD_RUNPATH_SEARCH_PATHS = (
					"$(inherited)",
					"@executable_path/Frameworks",
				);
				MARKETING_VERSION = 1.0;
				PRODUCT_BUNDLE_IDENTIFIER = YegresVoravy.TestAppShopAuth;
				PRODUCT_NAME = "$(TARGET_NAME)";
				SWIFT_EMIT_LOC_STRINGS = YES;
				SWIFT_VERSION = 5.0;
				TARGETED_DEVICE_FAMILY = "1,2";
			};
			name = Debug;
		};
		DBE0B10029BB9C3700A092E8 /* Release */ = {
			isa = XCBuildConfiguration;
			buildSettings = {
				ASSETCATALOG_COMPILER_APPICON_NAME = AppIcon;
				ASSETCATALOG_COMPILER_GLOBAL_ACCENT_COLOR_NAME = AccentColor;
				CODE_SIGN_STYLE = Automatic;
				CURRENT_PROJECT_VERSION = 1;
				DEVELOPMENT_ASSET_PATHS = "\"TestAppShopAuth/Preview Content\"";
				DEVELOPMENT_TEAM = P5N9X7L868;
				ENABLE_PREVIEWS = YES;
				GENERATE_INFOPLIST_FILE = YES;
				INFOPLIST_KEY_UIApplicationSceneManifest_Generation = YES;
				INFOPLIST_KEY_UIApplicationSupportsIndirectInputEvents = YES;
				INFOPLIST_KEY_UILaunchScreen_Generation = YES;
				INFOPLIST_KEY_UISupportedInterfaceOrientations_iPad = "UIInterfaceOrientationPortrait UIInterfaceOrientationPortraitUpsideDown UIInterfaceOrientationLandscapeLeft UIInterfaceOrientationLandscapeRight";
				INFOPLIST_KEY_UISupportedInterfaceOrientations_iPhone = "UIInterfaceOrientationPortrait UIInterfaceOrientationLandscapeLeft UIInterfaceOrientationLandscapeRight";
				LD_RUNPATH_SEARCH_PATHS = (
					"$(inherited)",
					"@executable_path/Frameworks",
				);
				MARKETING_VERSION = 1.0;
				PRODUCT_BUNDLE_IDENTIFIER = YegresVoravy.TestAppShopAuth;
				PRODUCT_NAME = "$(TARGET_NAME)";
				SWIFT_EMIT_LOC_STRINGS = YES;
				SWIFT_VERSION = 5.0;
				TARGETED_DEVICE_FAMILY = "1,2";
			};
			name = Release;
		};
/* End XCBuildConfiguration section */

/* Begin XCConfigurationList section */
		DBE0B0EB29BB9C3100A092E8 /* Build configuration list for PBXProject "TestAppShopAuth" */ = {
			isa = XCConfigurationList;
			buildConfigurations = (
				DBE0B0FC29BB9C3700A092E8 /* Debug */,
				DBE0B0FD29BB9C3700A092E8 /* Release */,
			);
			defaultConfigurationIsVisible = 0;
			defaultConfigurationName = Release;
		};
		DBE0B0FE29BB9C3700A092E8 /* Build configuration list for PBXNativeTarget "TestAppShopAuth" */ = {
			isa = XCConfigurationList;
			buildConfigurations = (
				DBE0B0FF29BB9C3700A092E8 /* Debug */,
				DBE0B10029BB9C3700A092E8 /* Release */,
			);
			defaultConfigurationIsVisible = 0;
			defaultConfigurationName = Release;
		};
/* End XCConfigurationList section */

/* Begin XCVersionGroup section */
		DB901F3229C0E151009531BF /* UserModel.xcdatamodeld */ = {
			isa = XCVersionGroup;
			children = (
				DB901F3329C0E151009531BF /* UserModel.xcdatamodel */,
			);
			currentVersion = DB901F3329C0E151009531BF /* UserModel.xcdatamodel */;
			path = UserModel.xcdatamodeld;
			sourceTree = "<group>";
			versionGroupType = wrapper.xcdatamodel;
		};
/* End XCVersionGroup section */
	};
	rootObject = DBE0B0E829BB9C3100A092E8 /* Project object */;
}
